{
  "pins" : [
    {
      "identity" : "lexical-ios",
      "kind" : "remoteSourceControl",
      "location" : "https://github.com/jcfontecha/lexical-ios.git",
      "state" : {
        "branch" : "main",
        "revision" : "8f386e25c8d104dd7e160428b76c02f77777ef34"
      }
    },
    {
      "identity" : "swift-cmark",
      "kind" : "remoteSourceControl",
      "location" : "https://github.com/swiftlang/swift-cmark.git",
      "state" : {
        "branch" : "gfm",
        "revision" : "924936d0427cb25a61169739a7660230bffa6ea6"
      }
    },
    {
      "identity" : "swift-markdown",
      "kind" : "remoteSourceControl",
      "location" : "https://github.com/apple/swift-markdown.git",
      "state" : {
        "branch" : "main",
        "revision" : "55d66d9a9e8d4fd3f48d111b0d437e82fe451903"
      }
    },
    {
      "identity" : "swiftsoup",
      "kind" : "remoteSourceControl",
      "location" : "https://github.com/scinfu/SwiftSoup.git",
      "state" : {
        "revision" : "6c7915e16f729857aec3e99068c361e58a00ed68",
        "version" : "2.13.4"
      }
    }
  ],
  "version" : 2
}
