{
  "originHash" : "99e2eebaffb369a2e1f5fef501cbd5b6f19c544dfe72afeb696376c43d6c1127",
  "pins" : [
    {
      "identity" : "ai-kit",
      "kind" : "remoteSourceControl",
      "location" : "https://github.com/jcfontecha/ai-kit",
      "state" : {
        "branch" : "main",
        "revision" : "2bb44e1ce9c657d4b1395613272673a212e3bfef"
      }
    },
    {
      "identity" : "lexical-ios",
      "kind" : "remoteSourceControl",
      "location" : "https://github.com/jcfontecha/lexical-ios.git",
      "state" : {
        "revision" : "a78e6717b3b329e6b2d5a2c92ee40c22882037bd"
      }
    },
    {
      "identity" : "networkimage",
      "kind" : "remoteSourceControl",
      "location" : "https://github.com/gonzalezreal/NetworkImage",
      "state" : {
        "revision" : "2849f5323265386e200484b0d0f896e73c3411b9",
        "version" : "6.0.1"
      }
    },
    {
      "identity" : "swift-cmark",
      "kind" : "remoteSourceControl",
      "location" : "https://github.com/swiftlang/swift-cmark.git",
      "state" : {
        "branch" : "gfm",
        "revision" : "924936d0427cb25a61169739a7660230bffa6ea6"
      }
    },
    {
      "identity" : "swift-markdown",
      "kind" : "remoteSourceControl",
      "location" : "https://github.com/apple/swift-markdown.git",
      "state" : {
        "branch" : "main",
        "revision" : "55d66d9a9e8d4fd3f48d111b0d437e82fe451903"
      }
    },
    {
      "identity" : "swift-markdown-ui",
      "kind" : "remoteSourceControl",
      "location" : "https://github.com/gonzalezreal/swift-markdown-ui.git",
      "state" : {
        "revision" : "5f613358148239d0292c0cef674a3c2314737f9e",
        "version" : "2.4.1"
      }
    },
    {
      "identity" : "swift-syntax",
      "kind" : "remoteSourceControl",
      "location" : "https://github.com/apple/swift-syntax.git",
      "state" : {
        "revision" : "4799286537280063c85a32f09884cfbca301b1a1",
        "version" : "602.0.0"
      }
    },
    {
      "identity" : "swiftsoup",
      "kind" : "remoteSourceControl",
      "location" : "https://github.com/scinfu/SwiftSoup.git",
      "state" : {
        "revision" : "6c7915e16f729857aec3e99068c361e58a00ed68",
        "version" : "2.13.4"
      }
    },
    {
      "identity" : "swiftui-shimmer",
      "kind" : "remoteSourceControl",
      "location" : "https://github.com/markiv/SwiftUI-Shimmer.git",
      "state" : {
        "revision" : "0226e21f9bf355d40e07e5f5e1c33679d50e167f",
        "version" : "1.5.1"
      }
    }
  ],
  "version" : 3
}
